
Microsoft Visual Studio Solution File, Format Version 12.00
# Visual Studio Version 17
VisualStudioVersion = 17.3.32901.215
MinimumVisualStudioVersion = 10.0.40219.1
Project("{FAE04EC0-301F-11D3-BF4B-00C04F79EFBC}") = "matyas_pracovnici4", "matyas_pracovnici4\matyas_pracovnici4.csproj", "{6B1683A3-6FDB-48E5-90B5-6286B98673F8}"
EndProject
Global
	GlobalSection(SolutionConfigurationPlatforms) = preSolution
		Debug|Any CPU = Debug|Any CPU
		Release|Any CPU = Release|Any CPU
	EndGlobalSection
	GlobalSection(ProjectConfigurationPlatforms) = postSolution
		{6B1683A3-6FDB-48E5-90B5-6286B98673F8}.Debug|Any CPU.ActiveCfg = Debug|Any CPU
		{6B1683A3-6FDB-48E5-90B5-6286B98673F8}.Debug|Any CPU.Build.0 = Debug|Any CPU
		{6B1683A3-6FDB-48E5-90B5-6286B98673F8}.Release|Any CPU.ActiveCfg = Release|Any CPU
		{6B1683A3-6FDB-48E5-90B5-6286B98673F8}.Release|Any CPU.Build.0 = Release|Any CPU
	EndGlobalSection
	GlobalSection(SolutionProperties) = preSolution
		HideSolutionNode = FALSE
	EndGlobalSection
	GlobalSection(ExtensibilityGlobals) = postSolution
		SolutionGuid = {FB5FD0DF-15B5-4561-BAFC-5D76154FBFD0}
	EndGlobalSection
EndGlobal
